
Microsoft Visual Studio Solution File, Format Version 12.00
# Visual Studio Version 17
VisualStudioVersion = 17.10.35004.147
MinimumVisualStudioVersion = 10.0.40219.1
Project("{FAE04EC0-301F-11D3-BF4B-00C04F79EFBC}") = "Prova_1", "Prova_1.csproj", "{1C32B080-75DB-4C87-95A7-7D3D6596EC91}"
EndProject
Global
	GlobalSection(SolutionConfigurationPlatforms) = preSolution
		Debug|Any CPU = Debug|Any CPU
		Release|Any CPU = Release|Any CPU
	EndGlobalSection
	GlobalSection(ProjectConfigurationPlatforms) = postSolution
		{1C32B080-75DB-4C87-95A7-7D3D6596EC91}.Debug|Any CPU.ActiveCfg = Debug|Any CPU
		{1C32B080-75DB-4C87-95A7-7D3D6596EC91}.Debug|Any CPU.Build.0 = Debug|Any CPU
		{1C32B080-75DB-4C87-95A7-7D3D6596EC91}.Release|Any CPU.ActiveCfg = Release|Any CPU
		{1C32B080-75DB-4C87-95A7-7D3D6596EC91}.Release|Any CPU.Build.0 = Release|Any CPU
	EndGlobalSection
	GlobalSection(SolutionProperties) = preSolution
		HideSolutionNode = FALSE
	EndGlobalSection
	GlobalSection(ExtensibilityGlobals) = postSolution
		SolutionGuid = {E4AE56D2-003C-452D-AE64-239485B0C75C}
	EndGlobalSection
EndGlobal
