
Microsoft Visual Studio Solution File, Format Version 12.00
# Visual Studio Version 17
VisualStudioVersion = 17.10.35013.160
MinimumVisualStudioVersion = 10.0.40219.1
Project("{9A19103F-16F7-4668-BE54-9A1E7A4F7556}") = "SpedizioniWebApp", "SpedizioniWebApp.csproj", "{8874979E-C200-445D-8219-F1885EA16BA6}"
EndProject
Global
	GlobalSection(SolutionConfigurationPlatforms) = preSolution
		Debug|Any CPU = Debug|Any CPU
		Release|Any CPU = Release|Any CPU
	EndGlobalSection
	GlobalSection(ProjectConfigurationPlatforms) = postSolution
		{8874979E-C200-445D-8219-F1885EA16BA6}.Debug|Any CPU.ActiveCfg = Debug|Any CPU
		{8874979E-C200-445D-8219-F1885EA16BA6}.Debug|Any CPU.Build.0 = Debug|Any CPU
		{8874979E-C200-445D-8219-F1885EA16BA6}.Release|Any CPU.ActiveCfg = Release|Any CPU
		{8874979E-C200-445D-8219-F1885EA16BA6}.Release|Any CPU.Build.0 = Release|Any CPU
	EndGlobalSection
	GlobalSection(SolutionProperties) = preSolution
		HideSolutionNode = FALSE
	EndGlobalSection
	GlobalSection(ExtensibilityGlobals) = postSolution
		SolutionGuid = {532FB73B-4E23-4C67-82C8-A3832E3524CC}
	EndGlobalSection
EndGlobal
