
Microsoft Visual Studio Solution File, Format Version 12.00
# Visual Studio Version 17
VisualStudioVersion = 17.10.35013.160
MinimumVisualStudioVersion = 10.0.40219.1
Project("{9A19103F-16F7-4668-BE54-9A1E7A4F7556}") = "HotelManagement", "HotelManagement.csproj", "{7DEC66A7-8A8E-414A-9AED-2C10A75751FD}"
EndProject
Global
	GlobalSection(SolutionConfigurationPlatforms) = preSolution
		Debug|Any CPU = Debug|Any CPU
		Release|Any CPU = Release|Any CPU
	EndGlobalSection
	GlobalSection(ProjectConfigurationPlatforms) = postSolution
		{7DEC66A7-8A8E-414A-9AED-2C10A75751FD}.Debug|Any CPU.ActiveCfg = Debug|Any CPU
		{7DEC66A7-8A8E-414A-9AED-2C10A75751FD}.Debug|Any CPU.Build.0 = Debug|Any CPU
		{7DEC66A7-8A8E-414A-9AED-2C10A75751FD}.Release|Any CPU.ActiveCfg = Release|Any CPU
		{7DEC66A7-8A8E-414A-9AED-2C10A75751FD}.Release|Any CPU.Build.0 = Release|Any CPU
	EndGlobalSection
	GlobalSection(SolutionProperties) = preSolution
		HideSolutionNode = FALSE
	EndGlobalSection
	GlobalSection(ExtensibilityGlobals) = postSolution
		SolutionGuid = {587576F4-92A4-4F14-8B24-0E2793C4D85C}
	EndGlobalSection
EndGlobal
