
Microsoft Visual Studio Solution File, Format Version 12.00
# Visual Studio Version 17
VisualStudioVersion = 17.10.35013.160
MinimumVisualStudioVersion = 10.0.40219.1
Project("{FAE04EC0-301F-11D3-BF4B-00C04F79EFBC}") = "Esercizio_del_Giorno", "Esercizio_del_Giorno.csproj", "{3591D730-D1FB-4108-B7CF-63986D2FD2DB}"
EndProject
Global
	GlobalSection(SolutionConfigurationPlatforms) = preSolution
		Debug|Any CPU = Debug|Any CPU
		Release|Any CPU = Release|Any CPU
	EndGlobalSection
	GlobalSection(ProjectConfigurationPlatforms) = postSolution
		{3591D730-D1FB-4108-B7CF-63986D2FD2DB}.Debug|Any CPU.ActiveCfg = Debug|Any CPU
		{3591D730-D1FB-4108-B7CF-63986D2FD2DB}.Debug|Any CPU.Build.0 = Debug|Any CPU
		{3591D730-D1FB-4108-B7CF-63986D2FD2DB}.Release|Any CPU.ActiveCfg = Release|Any CPU
		{3591D730-D1FB-4108-B7CF-63986D2FD2DB}.Release|Any CPU.Build.0 = Release|Any CPU
	EndGlobalSection
	GlobalSection(SolutionProperties) = preSolution
		HideSolutionNode = FALSE
	EndGlobalSection
	GlobalSection(ExtensibilityGlobals) = postSolution
		SolutionGuid = {3C72BB0C-AA8A-45D2-BD36-3E4FF0EAEC7C}
	EndGlobalSection
EndGlobal
