
Microsoft Visual Studio Solution File, Format Version 12.00
# Visual Studio Version 17
VisualStudioVersion = 17.10.35004.147
MinimumVisualStudioVersion = 10.0.40219.1
Project("{FAE04EC0-301F-11D3-BF4B-00C04F79EFBC}") = "Pratica-S1.L1", "Pratica-S1.L1.csproj", "{0D12A0C9-7774-4EB0-BAF7-B6A49A2EE485}"
EndProject
Global
	GlobalSection(SolutionConfigurationPlatforms) = preSolution
		Debug|Any CPU = Debug|Any CPU
		Release|Any CPU = Release|Any CPU
	EndGlobalSection
	GlobalSection(ProjectConfigurationPlatforms) = postSolution
		{0D12A0C9-7774-4EB0-BAF7-B6A49A2EE485}.Debug|Any CPU.ActiveCfg = Debug|Any CPU
		{0D12A0C9-7774-4EB0-BAF7-B6A49A2EE485}.Debug|Any CPU.Build.0 = Debug|Any CPU
		{0D12A0C9-7774-4EB0-BAF7-B6A49A2EE485}.Release|Any CPU.ActiveCfg = Release|Any CPU
		{0D12A0C9-7774-4EB0-BAF7-B6A49A2EE485}.Release|Any CPU.Build.0 = Release|Any CPU
	EndGlobalSection
	GlobalSection(SolutionProperties) = preSolution
		HideSolutionNode = FALSE
	EndGlobalSection
	GlobalSection(ExtensibilityGlobals) = postSolution
		SolutionGuid = {4C344127-C17F-42D7-8E33-3BA311242C95}
	EndGlobalSection
EndGlobal
