
Microsoft Visual Studio Solution File, Format Version 12.00
# Visual Studio Version 17
VisualStudioVersion = 17.10.35013.160
MinimumVisualStudioVersion = 10.0.40219.1
Project("{00D1A9C2-B5F0-4AF3-8072-F6C62B433612}") = "AziendaDatabase", "AziendaDatabase.sqlproj", "{6E2C5CD2-445F-442E-9FB9-234FB10A6BED}"
EndProject
Global
	GlobalSection(SolutionConfigurationPlatforms) = preSolution
		Debug|Any CPU = Debug|Any CPU
		Release|Any CPU = Release|Any CPU
	EndGlobalSection
	GlobalSection(ProjectConfigurationPlatforms) = postSolution
		{6E2C5CD2-445F-442E-9FB9-234FB10A6BED}.Debug|Any CPU.ActiveCfg = Debug|Any CPU
		{6E2C5CD2-445F-442E-9FB9-234FB10A6BED}.Debug|Any CPU.Build.0 = Debug|Any CPU
		{6E2C5CD2-445F-442E-9FB9-234FB10A6BED}.Debug|Any CPU.Deploy.0 = Debug|Any CPU
		{6E2C5CD2-445F-442E-9FB9-234FB10A6BED}.Release|Any CPU.ActiveCfg = Release|Any CPU
		{6E2C5CD2-445F-442E-9FB9-234FB10A6BED}.Release|Any CPU.Build.0 = Release|Any CPU
		{6E2C5CD2-445F-442E-9FB9-234FB10A6BED}.Release|Any CPU.Deploy.0 = Release|Any CPU
	EndGlobalSection
	GlobalSection(SolutionProperties) = preSolution
		HideSolutionNode = FALSE
	EndGlobalSection
	GlobalSection(ExtensibilityGlobals) = postSolution
		SolutionGuid = {DE6A29B6-ABFC-4F56-9AAE-67758B34DFE9}
	EndGlobalSection
EndGlobal
